
Microsoft Visual Studio Solution File, Format Version 12.00
# Visual Studio Version 16
VisualStudioVersion = 16.0.29709.97
MinimumVisualStudioVersion = 10.0.40219.1
Project("{888888A0-9F3D-457C-B088-3A5042F75D52}") = "DjangoBoemi", "DjangoBoemi\DjangoBoemi.pyproj", "{C6ACF043-E981-4CD7-B1EF-92B422C5D3C3}"
EndProject
Global
	GlobalSection(SolutionConfigurationPlatforms) = preSolution
		Debug|Any CPU = Debug|Any CPU
		Release|Any CPU = Release|Any CPU
	EndGlobalSection
	GlobalSection(ProjectConfigurationPlatforms) = postSolution
		{C6ACF043-E981-4CD7-B1EF-92B422C5D3C3}.Debug|Any CPU.ActiveCfg = Debug|Any CPU
		{C6ACF043-E981-4CD7-B1EF-92B422C5D3C3}.Debug|Any CPU.Build.0 = Debug|Any CPU
		{C6ACF043-E981-4CD7-B1EF-92B422C5D3C3}.Release|Any CPU.ActiveCfg = Release|Any CPU
		{C6ACF043-E981-4CD7-B1EF-92B422C5D3C3}.Release|Any CPU.Build.0 = Release|Any CPU
	EndGlobalSection
	GlobalSection(SolutionProperties) = preSolution
		HideSolutionNode = FALSE
	EndGlobalSection
	GlobalSection(ExtensibilityGlobals) = postSolution
		SolutionGuid = {9966A24C-2367-4899-B94B-73E41C00F917}
	EndGlobalSection
EndGlobal
